
Microsoft Visual Studio Solution File, Format Version 12.00
# Visual Studio 15
VisualStudioVersion = 15.0.26730.3
MinimumVisualStudioVersion = 10.0.40219.1
Project("{9A19103F-16F7-4668-BE54-9A1E7A4F7556}") = "Kafka.Productor", "Kafka.Productor\Kafka.Productor.csproj", "{4545265C-70E9-45FB-991A-2C79C042B69C}"
EndProject
Project("{FAE04EC0-301F-11D3-BF4B-00C04F79EFBC}") = "Kafka.Consumer", "Kafka.Consumer\Kafka.Consumer.csproj", "{B2454834-8969-4E41-AFA0-032E8E086214}"
EndProject
Project("{FAE04EC0-301F-11D3-BF4B-00C04F79EFBC}") = "FWW.Kafka", "FWW.Kafka\FWW.Kafka.csproj", "{B55B262D-BAF5-4977-87CE-AFF002D7F7D5}"
EndProject
Global
	GlobalSection(SolutionConfigurationPlatforms) = preSolution
		Debug|Any CPU = Debug|Any CPU
		Release|Any CPU = Release|Any CPU
	EndGlobalSection
	GlobalSection(ProjectConfigurationPlatforms) = postSolution
		{4545265C-70E9-45FB-991A-2C79C042B69C}.Debug|Any CPU.ActiveCfg = Debug|Any CPU
		{4545265C-70E9-45FB-991A-2C79C042B69C}.Debug|Any CPU.Build.0 = Debug|Any CPU
		{4545265C-70E9-45FB-991A-2C79C042B69C}.Release|Any CPU.ActiveCfg = Release|Any CPU
		{4545265C-70E9-45FB-991A-2C79C042B69C}.Release|Any CPU.Build.0 = Release|Any CPU
		{B2454834-8969-4E41-AFA0-032E8E086214}.Debug|Any CPU.ActiveCfg = Debug|Any CPU
		{B2454834-8969-4E41-AFA0-032E8E086214}.Debug|Any CPU.Build.0 = Debug|Any CPU
		{B2454834-8969-4E41-AFA0-032E8E086214}.Release|Any CPU.ActiveCfg = Release|Any CPU
		{B2454834-8969-4E41-AFA0-032E8E086214}.Release|Any CPU.Build.0 = Release|Any CPU
		{B55B262D-BAF5-4977-87CE-AFF002D7F7D5}.Debug|Any CPU.ActiveCfg = Debug|Any CPU
		{B55B262D-BAF5-4977-87CE-AFF002D7F7D5}.Debug|Any CPU.Build.0 = Debug|Any CPU
		{B55B262D-BAF5-4977-87CE-AFF002D7F7D5}.Release|Any CPU.ActiveCfg = Release|Any CPU
		{B55B262D-BAF5-4977-87CE-AFF002D7F7D5}.Release|Any CPU.Build.0 = Release|Any CPU
	EndGlobalSection
	GlobalSection(SolutionProperties) = preSolution
		HideSolutionNode = FALSE
	EndGlobalSection
	GlobalSection(ExtensibilityGlobals) = postSolution
		SolutionGuid = {03C3CB05-652A-41C3-8EA7-1770CDF5BE5B}
	EndGlobalSection
EndGlobal
